
Microsoft Visual Studio Solution File, Format Version 12.00
# Visual Studio Version 17
VisualStudioVersion = 17.6.33815.320
MinimumVisualStudioVersion = 10.0.40219.1
Project("{FAE04EC0-301F-11D3-BF4B-00C04F79EFBC}") = "ASM03_651310297", "ASM03_651310297\ASM03_651310297.csproj", "{EA93F8EC-A8AA-466D-AA04-F2C58C082812}"
EndProject
Global
	GlobalSection(SolutionConfigurationPlatforms) = preSolution
		Debug|Any CPU = Debug|Any CPU
		Release|Any CPU = Release|Any CPU
	EndGlobalSection
	GlobalSection(ProjectConfigurationPlatforms) = postSolution
		{EA93F8EC-A8AA-466D-AA04-F2C58C082812}.Debug|Any CPU.ActiveCfg = Debug|Any CPU
		{EA93F8EC-A8AA-466D-AA04-F2C58C082812}.Debug|Any CPU.Build.0 = Debug|Any CPU
		{EA93F8EC-A8AA-466D-AA04-F2C58C082812}.Release|Any CPU.ActiveCfg = Release|Any CPU
		{EA93F8EC-A8AA-466D-AA04-F2C58C082812}.Release|Any CPU.Build.0 = Release|Any CPU
	EndGlobalSection
	GlobalSection(SolutionProperties) = preSolution
		HideSolutionNode = FALSE
	EndGlobalSection
	GlobalSection(ExtensibilityGlobals) = postSolution
		SolutionGuid = {8CF6B281-B30A-428D-875A-134969CBCC78}
	EndGlobalSection
EndGlobal
